{
  "version": 1,
  "dependencies": {
    "net10.0": {
      "Anthropic": {
        "type": "Direct",
        "requested": "[12.27.0, )",
        "resolved": "12.27.0",
        "contentHash": "/BwFV0OlLXe5/z/KMlTMcmnd/c/BW9PMA2EKXz4BIswZ+g3AaPpLsYUDBV8Ulc1LICoE59LCIPLhZJmreWcMPg==",
        "dependencies": {
          "Microsoft.Extensions.AI.Abstractions": "10.5.1"
        }
      },
      "Azure.AI.OpenAI": {
        "type": "Direct",
        "requested": "[2.1.0, )",
        "resolved": "2.1.0",
        "contentHash": "doixr3tcsIcdzbzF9NxKt+6U0NKj6aPeOCPYONPsWjyf3gxVndVJAdjPcVdqeR/3vcRHXRgGnGlv+iXx5jMA4g==",
        "dependencies": {
          "Azure.Core": "1.44.1",
          "OpenAI": "2.1.0"
        }
      },
      "Microsoft.AspNetCore.OpenApi": {
        "type": "Direct",
        "requested": "[10.0.8, )",
        "resolved": "10.0.8",
        "contentHash": "cw24xHE2QaWwyEG9GQwFbjboyabub6Vd80DIItUGENzcQOa/BEnTrXsg2GADqWTmY/3ycqk9ToLGjgvF/VRlGA==",
        "dependencies": {
          "Microsoft.OpenApi": "2.0.0"
        }
      },
      "PdfPig": {
        "type": "Direct",
        "requested": "[0.1.14, )",
        "resolved": "0.1.14",
        "contentHash": "V2Anq0Yvyn3bGGG8WCQxqEAshG0KHIehB0QOotCz14vTkEk1PR3ErPOSmbnEsyOewhdF3G5XpQHywK2L50Xu+A=="
      },
      "Azure.Core": {
        "type": "Transitive",
        "resolved": "1.44.1",
        "contentHash": "YyznXLQZCregzHvioip07/BkzjuWNXogJEVz9T5W6TwjNr17ax41YGzYMptlo2G10oLCuVPoyva62y0SIRDixg==",
        "dependencies": {
          "Microsoft.Bcl.AsyncInterfaces": "6.0.0",
          "System.ClientModel": "1.1.0",
          "System.Memory.Data": "6.0.0"
        }
      },
      "Microsoft.Bcl.AsyncInterfaces": {
        "type": "Transitive",
        "resolved": "6.0.0",
        "contentHash": "UcSjPsst+DfAdJGVDsu346FX0ci0ah+lw3WRtn18NUwEqRt70HaOQ7lI72vy3+1LxtqI3T5GWwV39rQSrCzAeg=="
      },
      "Microsoft.Extensions.AI.Abstractions": {
        "type": "Transitive",
        "resolved": "10.5.1",
        "contentHash": "nB0l3IlsVbNeUxsE7nZNb9GY8rP1OSeqpj0pseORPejt474HNKEauTWTLdSJPkSvPlRMxowZNMo6nyp7APAiSg=="
      },
      "Microsoft.OpenApi": {
        "type": "Transitive",
        "resolved": "2.0.0",
        "contentHash": "GGYLfzV/G/ct80OZ45JxnWP7NvMX1BCugn/lX7TH5o0lcVaviavsLMTxmFV2AybXWjbi3h6FF1vgZiTK6PXndw=="
      },
      "OpenAI": {
        "type": "Transitive",
        "resolved": "2.1.0",
        "contentHash": "zl72nyP4O94ZyEoCLoE8qoc5vp8kSJmRuqR+UdK+jNIjFJGWJYjsb4rAGpMWWRTbPYuk82E8myMJdVQurMLDnQ==",
        "dependencies": {
          "System.ClientModel": "1.2.1"
        }
      },
      "System.ClientModel": {
        "type": "Transitive",
        "resolved": "1.2.1",
        "contentHash": "s9+M5El+DXdCRRLzxak8uGBKWT8H/eIssGpFtpaMKdJULrQbBDPH/zFbVyHX+NDczhS5EvjHFbBH9/L+0UhmcA==",
        "dependencies": {
          "System.Memory.Data": "6.0.0"
        }
      },
      "System.Memory.Data": {
        "type": "Transitive",
        "resolved": "6.0.0",
        "contentHash": "ntFHArH3I4Lpjf5m4DCXQHJuGwWPNVJPaAvM95Jy/u+2Yzt2ryiyIN04LAogkjP9DeRcEOiviAjQotfmPq/FrQ=="
      }
    }
  }
}